
Microsoft Visual Studio Solution File, Format Version 12.00
# Visual Studio 15
VisualStudioVersion = 15.0.28010.2046
MinimumVisualStudioVersion = 10.0.40219.1
Project("{FAE04EC0-301F-11D3-BF4B-00C04F79EFBC}") = "MyTextRecognition", "MyTextRecognition\MyTextRecognition.csproj", "{9617F440-0C7E-4242-850A-25FC93BBB4B5}"
EndProject
Global
	GlobalSection(SolutionConfigurationPlatforms) = preSolution
		Debug|Any CPU = Debug|Any CPU
		Release|Any CPU = Release|Any CPU
	EndGlobalSection
	GlobalSection(ProjectConfigurationPlatforms) = postSolution
		{9617F440-0C7E-4242-850A-25FC93BBB4B5}.Debug|Any CPU.ActiveCfg = Debug|Any CPU
		{9617F440-0C7E-4242-850A-25FC93BBB4B5}.Debug|Any CPU.Build.0 = Debug|Any CPU
		{9617F440-0C7E-4242-850A-25FC93BBB4B5}.Release|Any CPU.ActiveCfg = Release|Any CPU
		{9617F440-0C7E-4242-850A-25FC93BBB4B5}.Release|Any CPU.Build.0 = Release|Any CPU
	EndGlobalSection
	GlobalSection(SolutionProperties) = preSolution
		HideSolutionNode = FALSE
	EndGlobalSection
	GlobalSection(ExtensibilityGlobals) = postSolution
		SolutionGuid = {D2D24E62-1B3F-4C4A-9827-43B3C812187A}
	EndGlobalSection
EndGlobal
